{
  "name": "@merrymake/service",
  "version": "6.0.0",
  "lockfileVersion": 3,
  "requires": true,
  "packages": {
    "": {
      "name": "@merrymake/service",
      "version": "6.0.0",
      "license": "ISC",
      "dependencies": {
        "@merrymake/service": "file:/.",
        "@types/node": "latest"
      },
      "devDependencies": {
        "@tsconfig/node-lts": "latest"
      }
    },
    "node_modules/@merrymake/service": {
      "resolved": "",
      "link": true
    },
    "node_modules/@tsconfig/node-lts": {
      "version": "22.0.0",
      "resolved": "https://registry.npmjs.org/@tsconfig/node-lts/-/node-lts-22.0.0.tgz",
      "integrity": "sha512-6y6CBFe0etz2xU1s0rGOj7pLsvbYXM9l/RNmBQOKI3S5DFrp1jigxx8uYupG5O6cCNXNlOE/1gquoQH01+kz5w==",
      "dev": true
    },
    "node_modules/@types/node": {
      "version": "22.9.2",
      "resolved": "https://registry.npmjs.org/@types/node/-/node-22.9.2.tgz",
      "integrity": "sha512-wwuxAVEbsRvDD9x7buvAl7DyQ7Oj+va/d/Veug7higYzp9MF0CINbfWTBgDFMpcVwcdUiYuNmX2KfnvY3N70mw==",
      "dependencies": {
        "undici-types": "~6.19.8"
      }
    },
    "node_modules/undici-types": {
      "version": "6.19.8",
      "resolved": "https://registry.npmjs.org/undici-types/-/undici-types-6.19.8.tgz",
      "integrity": "sha512-ve2KP6f/JnbPBFyobGHuerC9g1FYGn/F8n1LWTwNxCEzd6IfqTwUQcNXgEtmmQ6DlRrC1hrSrBnCZPokRrDHjw=="
    }
  }
}
